
Microsoft Visual Studio Solution File, Format Version 12.00
# Visual Studio Version 17
VisualStudioVersion = 17.5.002.0
MinimumVisualStudioVersion = 10.0.40219.1
Project("{9A19103F-16F7-4668-BE54-9A1E7A4F7556}") = "Solucion 1", "Solucion 1\Solucion 1.csproj", "{1604BEA4-E220-4D34-8CEC-39A09E85F443}"
EndProject
Project("{9A19103F-16F7-4668-BE54-9A1E7A4F7556}") = "Solucion 10", "Solucion 10\Solucion 10.csproj", "{156544DD-3640-464C-B49C-BA17762BC51D}"
EndProject
Project("{9A19103F-16F7-4668-BE54-9A1E7A4F7556}") = "Solucion 2", "Solucion 2\Solucion 2.csproj", "{7894F06E-13C7-4C48-B7DB-27C913A748F1}"
EndProject
Project("{9A19103F-16F7-4668-BE54-9A1E7A4F7556}") = "Solucion 3", "Solucion 3\Solucion 3.csproj", "{5289A53C-58C8-426B-946E-21043E6A48D7}"
EndProject
Project("{9A19103F-16F7-4668-BE54-9A1E7A4F7556}") = "Solucion 4", "Solucion 4\Solucion 4.csproj", "{CA372DDA-A56E-429B-A678-D66163BF7A31}"
EndProject
Project("{9A19103F-16F7-4668-BE54-9A1E7A4F7556}") = "Solucion 5", "Solucion 5\Solucion 5.csproj", "{ED7BADFD-C164-455D-ACAA-B92C1195FD53}"
EndProject
Project("{9A19103F-16F7-4668-BE54-9A1E7A4F7556}") = "Solucion 6", "Solucion 6\Solucion 6.csproj", "{A373488F-4E3E-4438-8DED-7CF3EC5BFA30}"
EndProject
Project("{9A19103F-16F7-4668-BE54-9A1E7A4F7556}") = "Solucion 7", "Solucion 7\Solucion 7.csproj", "{6ED7D293-DFEF-4018-AC51-2737BCC329C1}"
EndProject
Project("{9A19103F-16F7-4668-BE54-9A1E7A4F7556}") = "Solucion 8", "Solucion 8\Solucion 8.csproj", "{97EA9888-1A39-48C6-941A-E0D1BF05AA5F}"
EndProject
Project("{9A19103F-16F7-4668-BE54-9A1E7A4F7556}") = "Solucion 9", "Solucion 9\Solucion 9.csproj", "{04377D41-A2EB-44CC-AFFC-02C01D466552}"
EndProject
Global
	GlobalSection(SolutionConfigurationPlatforms) = preSolution
		Debug|Any CPU = Debug|Any CPU
		Release|Any CPU = Release|Any CPU
	EndGlobalSection
	GlobalSection(ProjectConfigurationPlatforms) = postSolution
		{1604BEA4-E220-4D34-8CEC-39A09E85F443}.Debug|Any CPU.ActiveCfg = Debug|Any CPU
		{1604BEA4-E220-4D34-8CEC-39A09E85F443}.Debug|Any CPU.Build.0 = Debug|Any CPU
		{1604BEA4-E220-4D34-8CEC-39A09E85F443}.Release|Any CPU.ActiveCfg = Release|Any CPU
		{1604BEA4-E220-4D34-8CEC-39A09E85F443}.Release|Any CPU.Build.0 = Release|Any CPU
		{156544DD-3640-464C-B49C-BA17762BC51D}.Debug|Any CPU.ActiveCfg = Debug|Any CPU
		{156544DD-3640-464C-B49C-BA17762BC51D}.Debug|Any CPU.Build.0 = Debug|Any CPU
		{156544DD-3640-464C-B49C-BA17762BC51D}.Release|Any CPU.ActiveCfg = Release|Any CPU
		{156544DD-3640-464C-B49C-BA17762BC51D}.Release|Any CPU.Build.0 = Release|Any CPU
		{7894F06E-13C7-4C48-B7DB-27C913A748F1}.Debug|Any CPU.ActiveCfg = Debug|Any CPU
		{7894F06E-13C7-4C48-B7DB-27C913A748F1}.Debug|Any CPU.Build.0 = Debug|Any CPU
		{7894F06E-13C7-4C48-B7DB-27C913A748F1}.Release|Any CPU.ActiveCfg = Release|Any CPU
		{7894F06E-13C7-4C48-B7DB-27C913A748F1}.Release|Any CPU.Build.0 = Release|Any CPU
		{5289A53C-58C8-426B-946E-21043E6A48D7}.Debug|Any CPU.ActiveCfg = Debug|Any CPU
		{5289A53C-58C8-426B-946E-21043E6A48D7}.Debug|Any CPU.Build.0 = Debug|Any CPU
		{5289A53C-58C8-426B-946E-21043E6A48D7}.Release|Any CPU.ActiveCfg = Release|Any CPU
		{5289A53C-58C8-426B-946E-21043E6A48D7}.Release|Any CPU.Build.0 = Release|Any CPU
		{CA372DDA-A56E-429B-A678-D66163BF7A31}.Debug|Any CPU.ActiveCfg = Debug|Any CPU
		{CA372DDA-A56E-429B-A678-D66163BF7A31}.Debug|Any CPU.Build.0 = Debug|Any CPU
		{CA372DDA-A56E-429B-A678-D66163BF7A31}.Release|Any CPU.ActiveCfg = Release|Any CPU
		{CA372DDA-A56E-429B-A678-D66163BF7A31}.Release|Any CPU.Build.0 = Release|Any CPU
		{ED7BADFD-C164-455D-ACAA-B92C1195FD53}.Debug|Any CPU.ActiveCfg = Debug|Any CPU
		{ED7BADFD-C164-455D-ACAA-B92C1195FD53}.Debug|Any CPU.Build.0 = Debug|Any CPU
		{ED7BADFD-C164-455D-ACAA-B92C1195FD53}.Release|Any CPU.ActiveCfg = Release|Any CPU
		{ED7BADFD-C164-455D-ACAA-B92C1195FD53}.Release|Any CPU.Build.0 = Release|Any CPU
		{A373488F-4E3E-4438-8DED-7CF3EC5BFA30}.Debug|Any CPU.ActiveCfg = Debug|Any CPU
		{A373488F-4E3E-4438-8DED-7CF3EC5BFA30}.Debug|Any CPU.Build.0 = Debug|Any CPU
		{A373488F-4E3E-4438-8DED-7CF3EC5BFA30}.Release|Any CPU.ActiveCfg = Release|Any CPU
		{A373488F-4E3E-4438-8DED-7CF3EC5BFA30}.Release|Any CPU.Build.0 = Release|Any CPU
		{6ED7D293-DFEF-4018-AC51-2737BCC329C1}.Debug|Any CPU.ActiveCfg = Debug|Any CPU
		{6ED7D293-DFEF-4018-AC51-2737BCC329C1}.Debug|Any CPU.Build.0 = Debug|Any CPU
		{6ED7D293-DFEF-4018-AC51-2737BCC329C1}.Release|Any CPU.ActiveCfg = Release|Any CPU
		{6ED7D293-DFEF-4018-AC51-2737BCC329C1}.Release|Any CPU.Build.0 = Release|Any CPU
		{97EA9888-1A39-48C6-941A-E0D1BF05AA5F}.Debug|Any CPU.ActiveCfg = Debug|Any CPU
		{97EA9888-1A39-48C6-941A-E0D1BF05AA5F}.Debug|Any CPU.Build.0 = Debug|Any CPU
		{97EA9888-1A39-48C6-941A-E0D1BF05AA5F}.Release|Any CPU.ActiveCfg = Release|Any CPU
		{97EA9888-1A39-48C6-941A-E0D1BF05AA5F}.Release|Any CPU.Build.0 = Release|Any CPU
		{04377D41-A2EB-44CC-AFFC-02C01D466552}.Debug|Any CPU.ActiveCfg = Debug|Any CPU
		{04377D41-A2EB-44CC-AFFC-02C01D466552}.Debug|Any CPU.Build.0 = Debug|Any CPU
		{04377D41-A2EB-44CC-AFFC-02C01D466552}.Release|Any CPU.ActiveCfg = Release|Any CPU
		{04377D41-A2EB-44CC-AFFC-02C01D466552}.Release|Any CPU.Build.0 = Release|Any CPU
	EndGlobalSection
	GlobalSection(SolutionProperties) = preSolution
		HideSolutionNode = FALSE
	EndGlobalSection
	GlobalSection(ExtensibilityGlobals) = postSolution
		SolutionGuid = {9EC07455-1562-4128-A95E-0FD48136A5F4}
	EndGlobalSection
EndGlobal
